// !$*UTF8*$!
{
	archiveVersion = 1;
	classes = {
	};
	objectVersion = 46;
	objects = {

/* Begin PBXBuildFile section */
		AA03E4791D3A87300041432E /* AppDelegate.swift in Sources */ = {isa = PBXBuildFile; fileRef = AA03E4781D3A87300041432E /* AppDelegate.swift */; };
		AA03E47B1D3A87300041432E /* ViewController.swift in Sources */ = {isa = PBXBuildFile; fileRef = AA03E47A1D3A87300041432E /* ViewController.swift */; };
		AA03E47E1D3A87300041432E /* Main.storyboard in Resources */ = {isa = PBXBuildFile; fileRef = AA03E47C1D3A87300041432E /* Main.storyboard */; };
		AA03E4801D3A87300041432E /* Assets.xcassets in Resources */ = {isa = PBXBuildFile; fileRef = AA03E47F1D3A87300041432E /* Assets.xcassets */; };
		AA03E4831D3A87300041432E /* LaunchScreen.storyboard in Resources */ = {isa = PBXBuildFile; fileRef = AA03E4811D3A87300041432E /* LaunchScreen.storyboard */; };
/* End PBXBuildFile section */

/* Begin PBXFileReference section */
		AA03E4751D3A87300041432E /* Samenwerken.app */ = {isa = PBXFileReference; explicitFileType = wrapper.application; includeInIndex = 0; path = Samenwerken.app; sourceTree = BUILT_PRODUCTS_DIR; };
		AA03E4781D3A87300041432E /* AppDelegate.swift */ = {isa = PBXFileReference; lastKnownFileType = sourcecode.swift; path = AppDelegate.swift; sourceTree = "<group>"; };
		AA03E47A1D3A87300041432E /* ViewController.swift */ = {isa = PBXFileReference; lastKnownFileType = sourcecode.swift; path = ViewController.swift; sourceTree = "<group>"; };
		AA03E47D1D3A87300041432E /* Base */ = {isa = PBXFileReference; lastKnownFileType = file.storyboard; name = Base; path = Base.lproj/Main.storyboard; sourceTree = "<group>"; };
		AA03E47F1D3A87300041432E /* Assets.xcassets */ = {isa = PBXFileReference; lastKnownFileType = folder.assetcatalog; path = Assets.xcassets; sourceTree = "<group>"; };
		AA03E4821D3A87300041432E /* Base */ = {isa = PBXFileReference; lastKnownFileType = file.storyboard; name = Base; path = Base.lproj/LaunchScreen.storyboard; sourceTree = "<group>"; };
		AA03E4841D3A87300041432E /* Info.plist */ = {isa = PBXFileReference; lastKnownFileType = text.plist.xml; path = Info.plist; sourceTree = "<group>"; };
/* End PBXFileReference section */

/* Begin PBXFrameworksBuildPhase section */
		AA03E4721D3A87300041432E /* Frameworks */ = {
			isa = PBXFrameworksBuildPhase;
			buildActionMask = 2147483647;
			files = (
			);
			runOnlyForDeploymentPostprocessing = 0;
		};
/* End PBXFrameworksBuildPhase section */

/* Begin PBXGroup section */
		AA03E46C1D3A87300041432E = {
			isa = PBXGroup;
			children = (
				AA03E4771D3A87300041432E /* Samenwerken */,
				AA03E4761D3A87300041432E /* Products */,
			);
			sourceTree = "<group>";
		};
		AA03E4761D3A87300041432E /* Products */ = {
			isa = PBXGroup;
			children = (
				AA03E4751D3A87300041432E /* Samenwerken.app */,
			);
			name = Products;
			sourceTree = "<group>";
		};
		AA03E4771D3A87300041432E /* Samenwerken */ = {
			isa = PBXGroup;
			children = (
				AA03E4781D3A87300041432E /* AppDelegate.swift */,
				AA03E47A1D3A87300041432E /* ViewController.swift */,
				AA03E47C1D3A87300041432E /* Main.storyboard */,
				AA03E47F1D3A87300041432E /* Assets.xcassets */,
				AA03E4811D3A87300041432E /* LaunchScreen.storyboard */,
				AA03E4841D3A87300041432E /* Info.plist */,
			);
			path = Samenwerken;
			sourceTree = "<group>";
		};
/* End PBXGroup section */

/* Begin PBXNativeTarget section */
		AA03E4741D3A87300041432E /* Samenwerken */ = {
			isa = PBXNativeTarget;
			buildConfigurationList = AA03E4871D3A87300041432E /* Build configuration list for PBXNativeTarget "Samenwerken" */;
			buildPhases = (
				AA03E4711D3A87300041432E /* Sources */,
				AA03E4721D3A87300041432E /* Frameworks */,
				AA03E4731D3A87300041432E /* Resources */,
			);
			buildRules = (
			);
			dependencies = (
			);
			name = Samenwerken;
			productName = Samenwerken;
			productReference = AA03E4751D3A87300041432E /* Samenwerken.app */;
			productType = "com.apple.product-type.application";
		};
/* End PBXNativeTarget section */

/* Begin PBXProject section */
		AA03E46D1D3A87300041432E /* Project object */ = {
			isa = PBXProject;
			attributes = {
				LastSwiftUpdateCheck = 0730;
				LastUpgradeCheck = 0730;
				ORGANIZATIONNAME = "Erwin Schuurman";
				TargetAttributes = {
					AA03E4741D3A87300041432E = {
						CreatedOnToolsVersion = 7.3.1;
					};
				};
			};
			buildConfigurationList = AA03E4701D3A87300041432E /* Build configuration list for PBXProject "Samenwerken" */;
			compatibilityVersion = "Xcode 3.2";
			developmentRegion = English;
			hasScannedForEncodings = 0;
			knownRegions = (
				en,
				Base,
			);
			mainGroup = AA03E46C1D3A87300041432E;
			productRefGroup = AA03E4761D3A87300041432E /* Products */;
			projectDirPath = "";
			projectRoot = "";
			targets = (
				AA03E4741D3A87300041432E /* Samenwerken */,
			);
		};
/* End PBXProject section */

/* Begin PBXResourcesBuildPhase section */
		AA03E4731D3A87300041432E /* Resources */ = {
			isa = PBXResourcesBuildPhase;
			buildActionMask = 2147483647;
			files = (
				AA03E4831D3A87300041432E /* LaunchScreen.storyboard in Resources */,
				AA03E4801D3A87300041432E /* Assets.xcassets in Resources */,
				AA03E47E1D3A87300041432E /* Main.storyboard in Resources */,
			);
			runOnlyForDeploymentPostprocessing = 0;
		};
/* End PBXResourcesBuildPhase section */

/* Begin PBXSourcesBuildPhase section */
		AA03E4711D3A87300041432E /* Sources */ = {
			isa = PBXSourcesBuildPhase;
			buildActionMask = 2147483647;
			files = (
				AA03E47B1D3A87300041432E /* ViewController.swift in Sources */,
				AA03E4791D3A87300041432E /* AppDelegate.swift in Sources */,
			);
			runOnlyForDeploymentPostprocessing = 0;
		};
/* End PBXSourcesBuildPhase section */

/* Begin PBXVariantGroup section */
		AA03E47C1D3A87300041432E /* Main.storyboard */ = {
			isa = PBXVariantGroup;
			children = (
				AA03E47D1D3A87300041432E /* Base */,
			);
			name = Main.storyboard;
			sourceTree = "<group>";
		};
		AA03E4811D3A87300041432E /* LaunchScreen.storyboard */ = {
			isa = PBXVariantGroup;
			children = (
				AA03E4821D3A87300041432E /* Base */,
			);
			name = LaunchScreen.storyboard;
			sourceTree = "<group>";
		};
/* End PBXVariantGroup section */

/* Begin XCBuildConfiguration section */
		AA03E4851D3A87300041432E /* Debug */ = {
			isa = XCBuildConfiguration;
			buildSettings = {
				ALWAYS_SEARCH_USER_PATHS = NO;
				CLANG_ANALYZER_NONNULL = YES;
				CLANG_CXX_LANGUAGE_STANDARD = "gnu++0x";
				CLANG_CXX_LIBRARY = "libc++";
				CLANG_ENABLE_MODULES = YES;
				CLANG_ENABLE_OBJC_ARC = YES;
				CLANG_WARN_BOOL_CONVERSION = YES;
				CLANG_WARN_CONSTANT_CONVERSION = YES;
				CLANG_WARN_DIRECT_OBJC_ISA_USAGE = YES_ERROR;
				CLANG_WARN_EMPTY_BODY = YES;
				CLANG_WARN_ENUM_CONVERSION = YES;
				CLANG_WARN_INT_CONVERSION = YES;
				CLANG_WARN_OBJC_ROOT_CLASS = YES_ERROR;
				CLANG_WARN_UNREACHABLE_CODE = YES;
				CLANG_WARN__DUPLICATE_METHOD_MATCH = YES;
				"CODE_SIGN_IDENTITY[sdk=iphoneos*]" = "iPhone Developer";
				COPY_PHASE_STRIP = NO;
				DEBUG_INFORMATION_FORMAT = dwarf;
				ENABLE_STRICT_OBJC_MSGSEND = YES;
				ENABLE_TESTABILITY = YES;
				GCC_C_LANGUAGE_STANDARD = gnu99;
				GCC_DYNAMIC_NO_PIC = NO;
				GCC_NO_COMMON_BLOCKS = YES;
				GCC_OPTIMIZATION_LEVEL = 0;
				GCC_PREPROCESSOR_DEFINITIONS = (
					"DEBUG=1",
					"$(inherited)",
				);
				GCC_WARN_64_TO_32_BIT_CONVERSION = YES;
				GCC_WARN_ABOUT_RETURN_TYPE = YES_ERROR;
				GCC_WARN_UNDECLARED_SELECTOR = YES;
				GCC_WARN_UNINITIALIZED_AUTOS = YES_AGGRESSIVE;
				GCC_WARN_UNUSED_FUNCTION = YES;
				GCC_WARN_UNUSED_VARIABLE = YES;
				IPHONEOS_DEPLOYMENT_TARGET = 9.3;
				MTL_ENABLE_DEBUG_INFO = YES;
				ONLY_ACTIVE_ARCH = YES;
				SDKROOT = iphoneos;
				SWIFT_OPTIMIZATION_LEVEL = "-Onone";
			};
			name = Debug;
		};
		AA03E4861D3A87300041432E /* Release */ = {
			isa = XCBuildConfiguration;
			buildSettings = {
				ALWAYS_SEARCH_USER_PATHS = NO;
				CLANG_ANALYZER_NONNULL = YES;
				CLANG_CXX_LANGUAGE_STANDARD = "gnu++0x";
				CLANG_CXX_LIBRARY = "libc++";
				CLANG_ENABLE_MODULES = YES;
				CLANG_ENABLE_OBJC_ARC = YES;
				CLANG_WARN_BOOL_CONVERSION = YES;
				CLANG_WARN_CONSTANT_CONVERSION = YES;
				CLANG_WARN_DIRECT_OBJC_ISA_USAGE = YES_ERROR;
				CLANG_WARN_EMPTY_BODY = YES;
				CLANG_WARN_ENUM_CONVERSION = YES;
				CLANG_WARN_INT_CONVERSION = YES;
				CLANG_WARN_OBJC_ROOT_CLASS = YES_ERROR;
				CLANG_WARN_UNREACHABLE_CODE = YES;
				CLANG_WARN__DUPLICATE_METHOD_MATCH = YES;
				"CODE_SIGN_IDENTITY[sdk=iphoneos*]" = "iPhone Developer";
				COPY_PHASE_STRIP = NO;
				DEBUG_INFORMATION_FORMAT = "dwarf-with-dsym";
				ENABLE_NS_ASSERTIONS = NO;
				ENABLE_STRICT_OBJC_MSGSEND = YES;
				GCC_C_LANGUAGE_STANDARD = gnu99;
				GCC_NO_COMMON_BLOCKS = YES;
				GCC_WARN_64_TO_32_BIT_CONVERSION = YES;
				GCC_WARN_ABOUT_RETURN_TYPE = YES_ERROR;
				GCC_WARN_UNDECLARED_SELECTOR = YES;
				GCC_WARN_UNINITIALIZED_AUTOS = YES_AGGRESSIVE;
				GCC_WARN_UNUSED_FUNCTION = YES;
				GCC_WARN_UNUSED_VARIABLE = YES;
				IPHONEOS_DEPLOYMENT_TARGET = 9.3;
				MTL_ENABLE_DEBUG_INFO = NO;
				SDKROOT = iphoneos;
				VALIDATE_PRODUCT = YES;
			};
			name = Release;
		};
		AA03E4881D3A87300041432E /* Debug */ = {
			isa = XCBuildConfiguration;
			buildSettings = {
				ASSETCATALOG_COMPILER_APPICON_NAME = AppIcon;
				INFOPLIST_FILE = Samenwerken/Info.plist;
				LD_RUNPATH_SEARCH_PATHS = "$(inherited) @executable_path/Frameworks";
				PRODUCT_BUNDLE_IDENTIFIER = nl.eschuurman.Samenwerken;
				PRODUCT_NAME = "$(TARGET_NAME)";
			};
			name = Debug;
		};
		AA03E4891D3A87300041432E /* Release */ = {
			isa = XCBuildConfiguration;
			buildSettings = {
				ASSETCATALOG_COMPILER_APPICON_NAME = AppIcon;
				INFOPLIST_FILE = Samenwerken/Info.plist;
				LD_RUNPATH_SEARCH_PATHS = "$(inherited) @executable_path/Frameworks";
				PRODUCT_BUNDLE_IDENTIFIER = nl.eschuurman.Samenwerken;
				PRODUCT_NAME = "$(TARGET_NAME)";
			};
			name = Release;
		};
/* End XCBuildConfiguration section */

/* Begin XCConfigurationList section */
		AA03E4701D3A87300041432E /* Build configuration list for PBXProject "Samenwerken" */ = {
			isa = XCConfigurationList;
			buildConfigurations = (
				AA03E4851D3A87300041432E /* Debug */,
				AA03E4861D3A87300041432E /* Release */,
			);
			defaultConfigurationIsVisible = 0;
			defaultConfigurationName = Release;
		};
		AA03E4871D3A87300041432E /* Build configuration list for PBXNativeTarget "Samenwerken" */ = {
			isa = XCConfigurationList;
			buildConfigurations = (
				AA03E4881D3A87300041432E /* Debug */,
				AA03E4891D3A87300041432E /* Release */,
			);
			defaultConfigurationIsVisible = 0;
		};
/* End XCConfigurationList section */
	};
	rootObject = AA03E46D1D3A87300041432E /* Project object */;
}
